
Microsoft Visual Studio Solution File, Format Version 12.00
# Visual Studio 14
VisualStudioVersion = 14.0.25420.1
MinimumVisualStudioVersion = 10.0.40219.1
Project("{FAE04EC0-301F-11D3-BF4B-00C04F79EFBC}") = "JuntoWebApi", "JuntoWebApi\JuntoWebApi.csproj", "{A70BF926-2870-471B-AB94-E8936F79367D}"
EndProject
Project("{FAE04EC0-301F-11D3-BF4B-00C04F79EFBC}") = "UnitTestProjectApi", "UnitTestProjectApi\UnitTestProjectApi.csproj", "{7926015C-6EA6-43B4-B749-42FBF4C43BB2}"
EndProject
Global
	GlobalSection(SolutionConfigurationPlatforms) = preSolution
		Debug|Any CPU = Debug|Any CPU
		Release|Any CPU = Release|Any CPU
	EndGlobalSection
	GlobalSection(ProjectConfigurationPlatforms) = postSolution
		{A70BF926-2870-471B-AB94-E8936F79367D}.Debug|Any CPU.ActiveCfg = Debug|Any CPU
		{A70BF926-2870-471B-AB94-E8936F79367D}.Debug|Any CPU.Build.0 = Debug|Any CPU
		{A70BF926-2870-471B-AB94-E8936F79367D}.Release|Any CPU.ActiveCfg = Release|Any CPU
		{A70BF926-2870-471B-AB94-E8936F79367D}.Release|Any CPU.Build.0 = Release|Any CPU
		{7926015C-6EA6-43B4-B749-42FBF4C43BB2}.Debug|Any CPU.ActiveCfg = Debug|Any CPU
		{7926015C-6EA6-43B4-B749-42FBF4C43BB2}.Debug|Any CPU.Build.0 = Debug|Any CPU
		{7926015C-6EA6-43B4-B749-42FBF4C43BB2}.Release|Any CPU.ActiveCfg = Release|Any CPU
		{7926015C-6EA6-43B4-B749-42FBF4C43BB2}.Release|Any CPU.Build.0 = Release|Any CPU
	EndGlobalSection
	GlobalSection(SolutionProperties) = preSolution
		HideSolutionNode = FALSE
	EndGlobalSection
EndGlobal
